{
  "name": "forge-local-ai-kit",
  "version": "0.1.2",
  "lockfileVersion": 3,
  "requires": true,
  "packages": {
    "": {
      "name": "forge-local-ai-kit",
      "version": "0.1.2",
      "license": "MIT",
      "bin": {
        "forge": "dist/src/cli.js"
      },
      "devDependencies": {
        "@wonder-wagon/themes": "file:../wonder-wagon-ui/packages/themes",
        "@wonder-wagon/tokens": "file:../wonder-wagon-ui/packages/tokens",
        "typescript": "^5.9.2"
      },
      "engines": {
        "node": ">=22"
      }
    },
    "../wonder-wagon-ui/packages/themes": {
      "name": "@wonder-wagon/themes",
      "version": "0.1.0",
      "dev": true,
      "license": "MIT",
      "dependencies": {
        "@wonder-wagon/tokens": "0.1.0"
      },
      "devDependencies": {
        "typescript": "7.0.2",
        "vitest": "4.1.11"
      },
      "engines": {
        "node": ">=22.12"
      }
    },
    "../wonder-wagon-ui/packages/tokens": {
      "name": "@wonder-wagon/tokens",
      "version": "0.1.0",
      "dev": true,
      "license": "MIT",
      "devDependencies": {
        "typescript": "7.0.2",
        "vitest": "4.1.11"
      },
      "engines": {
        "node": ">=22.12"
      }
    },
    "node_modules/@wonder-wagon/themes": {
      "resolved": "../wonder-wagon-ui/packages/themes",
      "link": true
    },
    "node_modules/@wonder-wagon/tokens": {
      "resolved": "../wonder-wagon-ui/packages/tokens",
      "link": true
    },
    "node_modules/typescript": {
      "version": "5.9.3",
      "resolved": "https://registry.npmjs.org/typescript/-/typescript-5.9.3.tgz",
      "integrity": "sha512-jl1vZzPDinLr9eUt3J/t7V6FgNEw9QjvBPdysz9KfQDD41fQrC2Y4vKQdiaUpFT4bXlb1RHhLpp8wtm6M5TgSw==",
      "dev": true,
      "license": "Apache-2.0",
      "bin": {
        "tsc": "bin/tsc",
        "tsserver": "bin/tsserver"
      },
      "engines": {
        "node": ">=14.17"
      }
    }
  }
}
